# @generated by Move, please check-in and do not edit manually.

[move]
version = 3
manifest_digest = "909D1DB19CB08EC86061797D5BB4EF423E12CF3A51C8BB16161667B27E5C7CAD"
deps_digest = "F8BBB0CCB2491CA29A3DF03D6F92277A4F3574266507ACD77214D37ECA3F3082"
dependencies = [
  { id = "One", name = "One" },
]

[[move.package]]
id = "MoveStdlib"
source = { git = "https://github.com/one-chain-labs/onechain.git", rev = "main", subdir = "crates\\sui-framework\\packages\\move-stdlib" }

[[move.package]]
id = "One"
source = { git = "https://github.com/one-chain-labs/onechain.git", rev = "main", subdir = "crates/sui-framework/packages/one-framework" }

dependencies = [
  { id = "MoveStdlib", name = "MoveStdlib" },
]

[move.toolchain-version]
compiler-version = "1.0.1"
edition = "2024.beta"
flavor = "one"

[env]

[env.testnet]
chain-id = "1bd5c965"
original-published-id = "0x33339ae0dbf1d8805eb1413639455b1428484d282c0bdcbe15d1b88921e00f65"
latest-published-id = "0x33339ae0dbf1d8805eb1413639455b1428484d282c0bdcbe15d1b88921e00f65"
published-version = "1"
